
Microsoft Visual Studio Solution File, Format Version 12.00
# Visual Studio Version 17
VisualStudioVersion = 17.5.33414.496
MinimumVisualStudioVersion = 10.0.40219.1
Project("{FAE04EC0-301F-11D3-BF4B-00C04F79EFBC}") = "tpmodul5_1302210101", "tpmodul5_1302210101\tpmodul5_1302210101.csproj", "{104C551F-B969-4AC5-BA96-E1CD5FC6F835}"
EndProject
Global
	GlobalSection(SolutionConfigurationPlatforms) = preSolution
		Debug|Any CPU = Debug|Any CPU
		Release|Any CPU = Release|Any CPU
	EndGlobalSection
	GlobalSection(ProjectConfigurationPlatforms) = postSolution
		{104C551F-B969-4AC5-BA96-E1CD5FC6F835}.Debug|Any CPU.ActiveCfg = Debug|Any CPU
		{104C551F-B969-4AC5-BA96-E1CD5FC6F835}.Debug|Any CPU.Build.0 = Debug|Any CPU
		{104C551F-B969-4AC5-BA96-E1CD5FC6F835}.Release|Any CPU.ActiveCfg = Release|Any CPU
		{104C551F-B969-4AC5-BA96-E1CD5FC6F835}.Release|Any CPU.Build.0 = Release|Any CPU
	EndGlobalSection
	GlobalSection(SolutionProperties) = preSolution
		HideSolutionNode = FALSE
	EndGlobalSection
	GlobalSection(ExtensibilityGlobals) = postSolution
		SolutionGuid = {16DF9ED6-0D4E-40C7-82E6-15F2FED444D6}
	EndGlobalSection
EndGlobal
